
Microsoft Visual Studio Solution File, Format Version 12.00
# Visual Studio Version 17
VisualStudioVersion = 17.0.31903.59
MinimumVisualStudioVersion = 10.0.40219.1
Project("{9A19103F-16F7-4668-BE54-9A1E7A4F7556}") = "WebApi", "WebApi\WebApi.csproj", "{626373BA-235F-4485-8E7D-0FD1EF64C720}"
EndProject
Project("{9A19103F-16F7-4668-BE54-9A1E7A4F7556}") = "Entities", "Entities\Entities.csproj", "{468CA4F5-8F30-4DC5-877D-96F03F36C865}"
EndProject
Project("{9A19103F-16F7-4668-BE54-9A1E7A4F7556}") = "Repositories", "Repositories\Repositories.csproj", "{D478F00A-3903-43A6-A750-29BB7045A0CB}"
EndProject
Project("{9A19103F-16F7-4668-BE54-9A1E7A4F7556}") = "Services", "Services\Services.csproj", "{455969BB-986E-4688-B751-9B1C5391946D}"
EndProject
Project("{FAE04EC0-301F-11D3-BF4B-00C04F79EFBC}") = "Presentation", "Presentation\Presentation.csproj", "{4A5F6163-561C-4CAD-8920-A42456804451}"
EndProject
Global
	GlobalSection(SolutionConfigurationPlatforms) = preSolution
		Debug|Any CPU = Debug|Any CPU
		Release|Any CPU = Release|Any CPU
	EndGlobalSection
	GlobalSection(ProjectConfigurationPlatforms) = postSolution
		{626373BA-235F-4485-8E7D-0FD1EF64C720}.Debug|Any CPU.ActiveCfg = Debug|Any CPU
		{626373BA-235F-4485-8E7D-0FD1EF64C720}.Debug|Any CPU.Build.0 = Debug|Any CPU
		{626373BA-235F-4485-8E7D-0FD1EF64C720}.Release|Any CPU.ActiveCfg = Release|Any CPU
		{626373BA-235F-4485-8E7D-0FD1EF64C720}.Release|Any CPU.Build.0 = Release|Any CPU
		{468CA4F5-8F30-4DC5-877D-96F03F36C865}.Debug|Any CPU.ActiveCfg = Debug|Any CPU
		{468CA4F5-8F30-4DC5-877D-96F03F36C865}.Debug|Any CPU.Build.0 = Debug|Any CPU
		{468CA4F5-8F30-4DC5-877D-96F03F36C865}.Release|Any CPU.ActiveCfg = Release|Any CPU
		{468CA4F5-8F30-4DC5-877D-96F03F36C865}.Release|Any CPU.Build.0 = Release|Any CPU
		{D478F00A-3903-43A6-A750-29BB7045A0CB}.Debug|Any CPU.ActiveCfg = Debug|Any CPU
		{D478F00A-3903-43A6-A750-29BB7045A0CB}.Debug|Any CPU.Build.0 = Debug|Any CPU
		{D478F00A-3903-43A6-A750-29BB7045A0CB}.Release|Any CPU.ActiveCfg = Release|Any CPU
		{D478F00A-3903-43A6-A750-29BB7045A0CB}.Release|Any CPU.Build.0 = Release|Any CPU
		{455969BB-986E-4688-B751-9B1C5391946D}.Debug|Any CPU.ActiveCfg = Debug|Any CPU
		{455969BB-986E-4688-B751-9B1C5391946D}.Debug|Any CPU.Build.0 = Debug|Any CPU
		{455969BB-986E-4688-B751-9B1C5391946D}.Release|Any CPU.ActiveCfg = Release|Any CPU
		{455969BB-986E-4688-B751-9B1C5391946D}.Release|Any CPU.Build.0 = Release|Any CPU
		{4A5F6163-561C-4CAD-8920-A42456804451}.Debug|Any CPU.ActiveCfg = Debug|Any CPU
		{4A5F6163-561C-4CAD-8920-A42456804451}.Debug|Any CPU.Build.0 = Debug|Any CPU
		{4A5F6163-561C-4CAD-8920-A42456804451}.Release|Any CPU.ActiveCfg = Release|Any CPU
		{4A5F6163-561C-4CAD-8920-A42456804451}.Release|Any CPU.Build.0 = Release|Any CPU
	EndGlobalSection
	GlobalSection(SolutionProperties) = preSolution
		HideSolutionNode = FALSE
	EndGlobalSection
	GlobalSection(ExtensibilityGlobals) = postSolution
		SolutionGuid = {A3F27716-2F0C-4EAA-8F4C-2B19945BF10E}
	EndGlobalSection
EndGlobal
